
Microsoft Visual Studio Solution File, Format Version 12.00
# Visual Studio Version 17
VisualStudioVersion = 17.5.33414.496
MinimumVisualStudioVersion = 10.0.40219.1
Project("{2150E333-8FDC-42A3-9474-1A3956D46DE8}") = "src", "src", "{AA9E1E6F-B59D-4F11-9973-4E35DFDBCB2F}"
EndProject
Project("{2150E333-8FDC-42A3-9474-1A3956D46DE8}") = "test", "test", "{45204AB0-7F97-42C4-82C4-E4DE5F07D228}"
EndProject
Project("{2150E333-8FDC-42A3-9474-1A3956D46DE8}") = "ApplicationCore", "ApplicationCore", "{1277022F-5C9C-4F39-B66B-3636E238207C}"
EndProject
Project("{2150E333-8FDC-42A3-9474-1A3956D46DE8}") = "Domain", "Domain", "{95292C03-93DD-438F-8EAD-1DC53BA0C536}"
EndProject
Project("{2150E333-8FDC-42A3-9474-1A3956D46DE8}") = "Infrastructure", "Infrastructure", "{A6200A5C-B708-4480-99B6-65A6CBCEAF5C}"
EndProject
Project("{2150E333-8FDC-42A3-9474-1A3956D46DE8}") = "UI", "UI", "{CCB30F67-2043-4821-93A2-0E15D57986AC}"
EndProject
Project("{9A19103F-16F7-4668-BE54-9A1E7A4F7556}") = "Iranpl.ApplicationCore", "Iranpl.ApplicationCore\Iranpl.ApplicationCore.csproj", "{A3886BBA-9AD8-4D50-8B8D-BEDBCE0DC484}"
EndProject
Project("{9A19103F-16F7-4668-BE54-9A1E7A4F7556}") = "Iranpl.Domain", "Iranpl.Domain\Iranpl.Domain.csproj", "{902E5B99-168D-49CC-BF76-4BE9C01627B3}"
EndProject
Project("{9A19103F-16F7-4668-BE54-9A1E7A4F7556}") = "Iranpl.Infrastructure", "Iranpl.Infrastructure\Iranpl.Infrastructure.csproj", "{2862FF3D-D48D-4410-88BC-021A51D4E5ED}"
EndProject
Project("{9A19103F-16F7-4668-BE54-9A1E7A4F7556}") = "Iranpl.Web", "Iranpl.Web\Iranpl.Web.csproj", "{C3C8801B-BF51-4706-81D6-54192640FD1C}"
EndProject
Project("{2150E333-8FDC-42A3-9474-1A3956D46DE8}") = "PublicApi", "PublicApi", "{8C86F591-D1EC-489E-A55C-8B771F5BFDF2}"
EndProject
Project("{9A19103F-16F7-4668-BE54-9A1E7A4F7556}") = "Iranpl.Api", "Iranpl.Api\Iranpl.Api.csproj", "{48BFBCFB-F47E-4389-BADC-3681277ACD14}"
EndProject
Project("{2150E333-8FDC-42A3-9474-1A3956D46DE8}") = "Ioc", "Ioc", "{052E60CC-ABEF-4A8D-B84B-E26EC0DFBDB7}"
EndProject
Project("{FAE04EC0-301F-11D3-BF4B-00C04F79EFBC}") = "Iranpl.Ioc", "Iranpl.Ioc\Iranpl.Ioc.csproj", "{B970C17B-B87E-4D9C-AA75-519F87EC5745}"
EndProject
Global
	GlobalSection(SolutionConfigurationPlatforms) = preSolution
		Debug|Any CPU = Debug|Any CPU
		Release|Any CPU = Release|Any CPU
	EndGlobalSection
	GlobalSection(ProjectConfigurationPlatforms) = postSolution
		{A3886BBA-9AD8-4D50-8B8D-BEDBCE0DC484}.Debug|Any CPU.ActiveCfg = Debug|Any CPU
		{A3886BBA-9AD8-4D50-8B8D-BEDBCE0DC484}.Debug|Any CPU.Build.0 = Debug|Any CPU
		{A3886BBA-9AD8-4D50-8B8D-BEDBCE0DC484}.Release|Any CPU.ActiveCfg = Release|Any CPU
		{A3886BBA-9AD8-4D50-8B8D-BEDBCE0DC484}.Release|Any CPU.Build.0 = Release|Any CPU
		{902E5B99-168D-49CC-BF76-4BE9C01627B3}.Debug|Any CPU.ActiveCfg = Debug|Any CPU
		{902E5B99-168D-49CC-BF76-4BE9C01627B3}.Debug|Any CPU.Build.0 = Debug|Any CPU
		{902E5B99-168D-49CC-BF76-4BE9C01627B3}.Release|Any CPU.ActiveCfg = Release|Any CPU
		{902E5B99-168D-49CC-BF76-4BE9C01627B3}.Release|Any CPU.Build.0 = Release|Any CPU
		{2862FF3D-D48D-4410-88BC-021A51D4E5ED}.Debug|Any CPU.ActiveCfg = Debug|Any CPU
		{2862FF3D-D48D-4410-88BC-021A51D4E5ED}.Debug|Any CPU.Build.0 = Debug|Any CPU
		{2862FF3D-D48D-4410-88BC-021A51D4E5ED}.Release|Any CPU.ActiveCfg = Release|Any CPU
		{2862FF3D-D48D-4410-88BC-021A51D4E5ED}.Release|Any CPU.Build.0 = Release|Any CPU
		{C3C8801B-BF51-4706-81D6-54192640FD1C}.Debug|Any CPU.ActiveCfg = Debug|Any CPU
		{C3C8801B-BF51-4706-81D6-54192640FD1C}.Debug|Any CPU.Build.0 = Debug|Any CPU
		{C3C8801B-BF51-4706-81D6-54192640FD1C}.Release|Any CPU.ActiveCfg = Release|Any CPU
		{C3C8801B-BF51-4706-81D6-54192640FD1C}.Release|Any CPU.Build.0 = Release|Any CPU
		{48BFBCFB-F47E-4389-BADC-3681277ACD14}.Debug|Any CPU.ActiveCfg = Debug|Any CPU
		{48BFBCFB-F47E-4389-BADC-3681277ACD14}.Debug|Any CPU.Build.0 = Debug|Any CPU
		{48BFBCFB-F47E-4389-BADC-3681277ACD14}.Release|Any CPU.ActiveCfg = Release|Any CPU
		{48BFBCFB-F47E-4389-BADC-3681277ACD14}.Release|Any CPU.Build.0 = Release|Any CPU
		{B970C17B-B87E-4D9C-AA75-519F87EC5745}.Debug|Any CPU.ActiveCfg = Debug|Any CPU
		{B970C17B-B87E-4D9C-AA75-519F87EC5745}.Debug|Any CPU.Build.0 = Debug|Any CPU
		{B970C17B-B87E-4D9C-AA75-519F87EC5745}.Release|Any CPU.ActiveCfg = Release|Any CPU
		{B970C17B-B87E-4D9C-AA75-519F87EC5745}.Release|Any CPU.Build.0 = Release|Any CPU
	EndGlobalSection
	GlobalSection(SolutionProperties) = preSolution
		HideSolutionNode = FALSE
	EndGlobalSection
	GlobalSection(NestedProjects) = preSolution
		{1277022F-5C9C-4F39-B66B-3636E238207C} = {AA9E1E6F-B59D-4F11-9973-4E35DFDBCB2F}
		{95292C03-93DD-438F-8EAD-1DC53BA0C536} = {AA9E1E6F-B59D-4F11-9973-4E35DFDBCB2F}
		{A6200A5C-B708-4480-99B6-65A6CBCEAF5C} = {AA9E1E6F-B59D-4F11-9973-4E35DFDBCB2F}
		{CCB30F67-2043-4821-93A2-0E15D57986AC} = {AA9E1E6F-B59D-4F11-9973-4E35DFDBCB2F}
		{A3886BBA-9AD8-4D50-8B8D-BEDBCE0DC484} = {1277022F-5C9C-4F39-B66B-3636E238207C}
		{902E5B99-168D-49CC-BF76-4BE9C01627B3} = {95292C03-93DD-438F-8EAD-1DC53BA0C536}
		{2862FF3D-D48D-4410-88BC-021A51D4E5ED} = {A6200A5C-B708-4480-99B6-65A6CBCEAF5C}
		{C3C8801B-BF51-4706-81D6-54192640FD1C} = {CCB30F67-2043-4821-93A2-0E15D57986AC}
		{8C86F591-D1EC-489E-A55C-8B771F5BFDF2} = {AA9E1E6F-B59D-4F11-9973-4E35DFDBCB2F}
		{48BFBCFB-F47E-4389-BADC-3681277ACD14} = {8C86F591-D1EC-489E-A55C-8B771F5BFDF2}
		{052E60CC-ABEF-4A8D-B84B-E26EC0DFBDB7} = {AA9E1E6F-B59D-4F11-9973-4E35DFDBCB2F}
		{B970C17B-B87E-4D9C-AA75-519F87EC5745} = {052E60CC-ABEF-4A8D-B84B-E26EC0DFBDB7}
	EndGlobalSection
	GlobalSection(ExtensibilityGlobals) = postSolution
		SolutionGuid = {39B16F28-A091-465E-906F-433C563FA9E4}
	EndGlobalSection
EndGlobal
